
Microsoft Visual Studio Solution File, Format Version 12.00
# Visual Studio Version 16
VisualStudioVersion = 16.0.30523.141
MinimumVisualStudioVersion = 10.0.40219.1
Project("{FAE04EC0-301F-11D3-BF4B-00C04F79EFBC}") = "LeoConsole", "LeoConsole\LeoConsole.csproj", "{AC3B58C0-AB32-4F5C-B0CB-D6E8E8B0F864}"
EndProject
Project("{FAE04EC0-301F-11D3-BF4B-00C04F79EFBC}") = "ILeoConsole", "ILeoConsole\ILeoConsole.csproj", "{35FBA89B-A8ED-4050-869F-6F30536C9C4E}"
EndProject
Global
	GlobalSection(SolutionConfigurationPlatforms) = preSolution
		Debug|Any CPU = Debug|Any CPU
		Release|Any CPU = Release|Any CPU
	EndGlobalSection
	GlobalSection(ProjectConfigurationPlatforms) = postSolution
		{AC3B58C0-AB32-4F5C-B0CB-D6E8E8B0F864}.Debug|Any CPU.ActiveCfg = Debug|Any CPU
		{AC3B58C0-AB32-4F5C-B0CB-D6E8E8B0F864}.Debug|Any CPU.Build.0 = Debug|Any CPU
		{AC3B58C0-AB32-4F5C-B0CB-D6E8E8B0F864}.Release|Any CPU.ActiveCfg = Release|Any CPU
		{AC3B58C0-AB32-4F5C-B0CB-D6E8E8B0F864}.Release|Any CPU.Build.0 = Release|Any CPU
		{35FBA89B-A8ED-4050-869F-6F30536C9C4E}.Debug|Any CPU.ActiveCfg = Debug|Any CPU
		{35FBA89B-A8ED-4050-869F-6F30536C9C4E}.Debug|Any CPU.Build.0 = Debug|Any CPU
		{35FBA89B-A8ED-4050-869F-6F30536C9C4E}.Release|Any CPU.ActiveCfg = Release|Any CPU
		{35FBA89B-A8ED-4050-869F-6F30536C9C4E}.Release|Any CPU.Build.0 = Release|Any CPU
	EndGlobalSection
	GlobalSection(SolutionProperties) = preSolution
		HideSolutionNode = FALSE
	EndGlobalSection
	GlobalSection(ExtensibilityGlobals) = postSolution
		SolutionGuid = {2A97C5EC-65E5-4D71-A447-810FB817A46F}
	EndGlobalSection
EndGlobal
